{
  "requires": true,
  "lockfileVersion": 1,
  "dependencies": {
    "@chemzqm/msgpack-lite": {
      "version": "0.1.29",
      "resolved": "https://registry.npmjs.org/@chemzqm/msgpack-lite/-/msgpack-lite-0.1.29.tgz",
      "integrity": "sha512-WbOT869c9BBLTpd51tQaFQRxwQZGaFzaaz03/df8zvXpHW8Xkfvw5u9SBxYuf+noJqeRKQxXsLWzeipMj2p3bQ==",
      "requires": {
        "ieee754": "^1.1.8",
        "int64-buffer": "^0.1.9"
      }
    },
    "@chemzqm/neovim": {
      "version": "5.9.5",
      "resolved": "https://registry.npmjs.org/@chemzqm/neovim/-/neovim-5.9.5.tgz",
      "integrity": "sha512-m7lZj00lP1fNMzXITOV1uNdsYXjsmMbFB7Sl8OXfhRWYDQuBr6EPNzIzAonzIcmvTA2JNs8WMq0ZU76XXzpP6w==",
      "requires": {
        "@chemzqm/msgpack-lite": "^0.1.29"
      }
    },
    "ieee754": {
      "version": "1.2.1",
      "resolved": "https://registry.npmjs.org/ieee754/-/ieee754-1.2.1.tgz",
      "integrity": "sha512-dcyqhDvX1C46lXZcVqCpK+FtMRQVdIMN6/Df5js2zouUsqG7I6sFxitIC+7KYK29KdXOLHdu9zL4sFnoVQnqaA=="
    },
    "int64-buffer": {
      "version": "0.1.10",
      "resolved": "https://registry.npmjs.org/int64-buffer/-/int64-buffer-0.1.10.tgz",
      "integrity": "sha512-v7cSY1J8ydZ0GyjUHqF+1bshJ6cnEVLo9EnjB8p+4HDRPZc9N5jjmvUV7NvEsqQOKyH0pmIBFWXVQbiS0+OBbA=="
    }
  }
}
